
Microsoft Visual Studio Solution File, Format Version 12.00
# Visual Studio Version 17
VisualStudioVersion = 17.3.32819.101
MinimumVisualStudioVersion = 10.0.40219.1
Project("{FAE04EC0-301F-11D3-BF4B-00C04F79EFBC}") = "3033_1_LC_0901SimpleVSComplexClass", "3033_1_LC_0901SimpleVSComplexClass\3033_1_LC_0901SimpleVSComplexClass.csproj", "{CFA43C7B-3B9B-40A2-BCD6-02BB2C7BD5BF}"
EndProject
Global
	GlobalSection(SolutionConfigurationPlatforms) = preSolution
		Debug|Any CPU = Debug|Any CPU
		Release|Any CPU = Release|Any CPU
	EndGlobalSection
	GlobalSection(ProjectConfigurationPlatforms) = postSolution
		{CFA43C7B-3B9B-40A2-BCD6-02BB2C7BD5BF}.Debug|Any CPU.ActiveCfg = Debug|Any CPU
		{CFA43C7B-3B9B-40A2-BCD6-02BB2C7BD5BF}.Debug|Any CPU.Build.0 = Debug|Any CPU
		{CFA43C7B-3B9B-40A2-BCD6-02BB2C7BD5BF}.Release|Any CPU.ActiveCfg = Release|Any CPU
		{CFA43C7B-3B9B-40A2-BCD6-02BB2C7BD5BF}.Release|Any CPU.Build.0 = Release|Any CPU
	EndGlobalSection
	GlobalSection(SolutionProperties) = preSolution
		HideSolutionNode = FALSE
	EndGlobalSection
	GlobalSection(ExtensibilityGlobals) = postSolution
		SolutionGuid = {05EB706B-A1A7-4C41-8438-F206948EAE4A}
	EndGlobalSection
EndGlobal
